
Microsoft Visual Studio Solution File, Format Version 12.00
# Visual Studio 15
VisualStudioVersion = 15.0.28010.2036
MinimumVisualStudioVersion = 10.0.40219.1
Project("{FAE04EC0-301F-11D3-BF4B-00C04F79EFBC}") = "WouldYouRather", "WouldYouRather\WouldYouRather.csproj", "{815EBC4E-EEC2-4979-A239-7CD694ABDF8D}"
EndProject
Global
	GlobalSection(SolutionConfigurationPlatforms) = preSolution
		Debug|Any CPU = Debug|Any CPU
		Release|Any CPU = Release|Any CPU
	EndGlobalSection
	GlobalSection(ProjectConfigurationPlatforms) = postSolution
		{815EBC4E-EEC2-4979-A239-7CD694ABDF8D}.Debug|Any CPU.ActiveCfg = Debug|Any CPU
		{815EBC4E-EEC2-4979-A239-7CD694ABDF8D}.Debug|Any CPU.Build.0 = Debug|Any CPU
		{815EBC4E-EEC2-4979-A239-7CD694ABDF8D}.Release|Any CPU.ActiveCfg = Release|Any CPU
		{815EBC4E-EEC2-4979-A239-7CD694ABDF8D}.Release|Any CPU.Build.0 = Release|Any CPU
	EndGlobalSection
	GlobalSection(SolutionProperties) = preSolution
		HideSolutionNode = FALSE
	EndGlobalSection
	GlobalSection(ExtensibilityGlobals) = postSolution
		SolutionGuid = {02C45061-5BB3-43B5-936C-53217F7EDB7A}
	EndGlobalSection
EndGlobal
